
Microsoft Visual Studio Solution File, Format Version 12.00
# Visual Studio Version 17
VisualStudioVersion = 17.6.33815.320
MinimumVisualStudioVersion = 10.0.40219.1
Project("{FAE04EC0-301F-11D3-BF4B-00C04F79EFBC}") = "AddressBookSqlQuery", "AddressBookSqlQuery.csproj", "{347D5084-2EF2-46F0-8976-C00DACE758CB}"
EndProject
Global
	GlobalSection(SolutionConfigurationPlatforms) = preSolution
		Debug|Any CPU = Debug|Any CPU
		Release|Any CPU = Release|Any CPU
	EndGlobalSection
	GlobalSection(ProjectConfigurationPlatforms) = postSolution
		{347D5084-2EF2-46F0-8976-C00DACE758CB}.Debug|Any CPU.ActiveCfg = Debug|Any CPU
		{347D5084-2EF2-46F0-8976-C00DACE758CB}.Debug|Any CPU.Build.0 = Debug|Any CPU
		{347D5084-2EF2-46F0-8976-C00DACE758CB}.Release|Any CPU.ActiveCfg = Release|Any CPU
		{347D5084-2EF2-46F0-8976-C00DACE758CB}.Release|Any CPU.Build.0 = Release|Any CPU
	EndGlobalSection
	GlobalSection(SolutionProperties) = preSolution
		HideSolutionNode = FALSE
	EndGlobalSection
	GlobalSection(ExtensibilityGlobals) = postSolution
		SolutionGuid = {88259CD6-32D3-4548-9F88-33FED35F386E}
	EndGlobalSection
EndGlobal
